
Microsoft Visual Studio Solution File, Format Version 11.00
# Visual Studio 2010
Project("{FAE04EC0-301F-11D3-BF4B-00C04F79EFBC}") = "CH.Spawner", "CH.Spawner\CH.Spawner.csproj", "{901A8A84-6433-440E-92F1-DEB6C65BCCCB}"
EndProject
Project("{FAE04EC0-301F-11D3-BF4B-00C04F79EFBC}") = "CH.Spawner.Test", "CH.Spawner.Test\CH.Spawner.Test.csproj", "{1163F0D4-30E7-41CA-A35E-52F58C2035E5}"
	ProjectSection(ProjectDependencies) = postProject
		{37A3951E-E4E9-4A03-BE47-FADF9AFCE22D} = {37A3951E-E4E9-4A03-BE47-FADF9AFCE22D}
	EndProjectSection
EndProject
Project("{FAE04EC0-301F-11D3-BF4B-00C04F79EFBC}") = "CH.Spawner.TestExe", "CH.Spawner.TestExe\CH.Spawner.TestExe.csproj", "{37A3951E-E4E9-4A03-BE47-FADF9AFCE22D}"
EndProject
Global
	GlobalSection(SolutionConfigurationPlatforms) = preSolution
		Debug|Any CPU = Debug|Any CPU
		Debug|Mixed Platforms = Debug|Mixed Platforms
		Debug|x86 = Debug|x86
		Release|Any CPU = Release|Any CPU
		Release|Mixed Platforms = Release|Mixed Platforms
		Release|x86 = Release|x86
	EndGlobalSection
	GlobalSection(ProjectConfigurationPlatforms) = postSolution
		{901A8A84-6433-440E-92F1-DEB6C65BCCCB}.Debug|Any CPU.ActiveCfg = Debug|Any CPU
		{901A8A84-6433-440E-92F1-DEB6C65BCCCB}.Debug|Any CPU.Build.0 = Debug|Any CPU
		{901A8A84-6433-440E-92F1-DEB6C65BCCCB}.Debug|Mixed Platforms.ActiveCfg = Debug|Any CPU
		{901A8A84-6433-440E-92F1-DEB6C65BCCCB}.Debug|Mixed Platforms.Build.0 = Debug|Any CPU
		{901A8A84-6433-440E-92F1-DEB6C65BCCCB}.Debug|x86.ActiveCfg = Debug|Any CPU
		{901A8A84-6433-440E-92F1-DEB6C65BCCCB}.Release|Any CPU.ActiveCfg = Release|Any CPU
		{901A8A84-6433-440E-92F1-DEB6C65BCCCB}.Release|Any CPU.Build.0 = Release|Any CPU
		{901A8A84-6433-440E-92F1-DEB6C65BCCCB}.Release|Mixed Platforms.ActiveCfg = Release|Any CPU
		{901A8A84-6433-440E-92F1-DEB6C65BCCCB}.Release|Mixed Platforms.Build.0 = Release|Any CPU
		{901A8A84-6433-440E-92F1-DEB6C65BCCCB}.Release|x86.ActiveCfg = Release|Any CPU
		{1163F0D4-30E7-41CA-A35E-52F58C2035E5}.Debug|Any CPU.ActiveCfg = Debug|Any CPU
		{1163F0D4-30E7-41CA-A35E-52F58C2035E5}.Debug|Any CPU.Build.0 = Debug|Any CPU
		{1163F0D4-30E7-41CA-A35E-52F58C2035E5}.Debug|Mixed Platforms.ActiveCfg = Debug|Any CPU
		{1163F0D4-30E7-41CA-A35E-52F58C2035E5}.Debug|Mixed Platforms.Build.0 = Debug|Any CPU
		{1163F0D4-30E7-41CA-A35E-52F58C2035E5}.Debug|x86.ActiveCfg = Debug|Any CPU
		{1163F0D4-30E7-41CA-A35E-52F58C2035E5}.Release|Any CPU.ActiveCfg = Release|Any CPU
		{1163F0D4-30E7-41CA-A35E-52F58C2035E5}.Release|Any CPU.Build.0 = Release|Any CPU
		{1163F0D4-30E7-41CA-A35E-52F58C2035E5}.Release|Mixed Platforms.ActiveCfg = Release|Any CPU
		{1163F0D4-30E7-41CA-A35E-52F58C2035E5}.Release|Mixed Platforms.Build.0 = Release|Any CPU
		{1163F0D4-30E7-41CA-A35E-52F58C2035E5}.Release|x86.ActiveCfg = Release|Any CPU
		{37A3951E-E4E9-4A03-BE47-FADF9AFCE22D}.Debug|Any CPU.ActiveCfg = Debug|x86
		{37A3951E-E4E9-4A03-BE47-FADF9AFCE22D}.Debug|Mixed Platforms.ActiveCfg = Debug|x86
		{37A3951E-E4E9-4A03-BE47-FADF9AFCE22D}.Debug|Mixed Platforms.Build.0 = Debug|x86
		{37A3951E-E4E9-4A03-BE47-FADF9AFCE22D}.Debug|x86.ActiveCfg = Debug|x86
		{37A3951E-E4E9-4A03-BE47-FADF9AFCE22D}.Debug|x86.Build.0 = Debug|x86
		{37A3951E-E4E9-4A03-BE47-FADF9AFCE22D}.Release|Any CPU.ActiveCfg = Release|x86
		{37A3951E-E4E9-4A03-BE47-FADF9AFCE22D}.Release|Mixed Platforms.ActiveCfg = Release|x86
		{37A3951E-E4E9-4A03-BE47-FADF9AFCE22D}.Release|Mixed Platforms.Build.0 = Release|x86
		{37A3951E-E4E9-4A03-BE47-FADF9AFCE22D}.Release|x86.ActiveCfg = Release|x86
		{37A3951E-E4E9-4A03-BE47-FADF9AFCE22D}.Release|x86.Build.0 = Release|x86
	EndGlobalSection
	GlobalSection(SolutionProperties) = preSolution
		HideSolutionNode = FALSE
	EndGlobalSection
EndGlobal
